
Microsoft Visual Studio Solution File, Format Version 12.00
# Visual Studio Version 17
VisualStudioVersion = 17.11.35222.181
MinimumVisualStudioVersion = 10.0.40219.1
Project("{FAE04EC0-301F-11D3-BF4B-00C04F79EFBC}") = "ClassExercise01", "ClassExercise01\ClassExercise01.csproj", "{60B83ECC-FF95-4573-A746-A31BBD0807B7}"
EndProject
Project("{9A19103F-16F7-4668-BE54-9A1E7A4F7556}") = "Assignment01", "Assignment01\Assignment01.csproj", "{E8BBA21D-924C-4C03-9BCC-D6C8CD402906}"
EndProject
Project("{FAE04EC0-301F-11D3-BF4B-00C04F79EFBC}") = "Assignment02", "Assignment02\Assignment02.csproj", "{65652330-A141-4600-B2D0-6812C9DF61BB}"
EndProject
Project("{FAE04EC0-301F-11D3-BF4B-00C04F79EFBC}") = "ClassExercise02", "ClassExercise02\ClassExercise02.csproj", "{EEDF301F-0806-416A-8EC0-26EB8D5DA258}"
EndProject
Global
	GlobalSection(SolutionConfigurationPlatforms) = preSolution
		Debug|Any CPU = Debug|Any CPU
		Release|Any CPU = Release|Any CPU
	EndGlobalSection
	GlobalSection(ProjectConfigurationPlatforms) = postSolution
		{60B83ECC-FF95-4573-A746-A31BBD0807B7}.Debug|Any CPU.ActiveCfg = Debug|Any CPU
		{60B83ECC-FF95-4573-A746-A31BBD0807B7}.Debug|Any CPU.Build.0 = Debug|Any CPU
		{60B83ECC-FF95-4573-A746-A31BBD0807B7}.Release|Any CPU.ActiveCfg = Release|Any CPU
		{60B83ECC-FF95-4573-A746-A31BBD0807B7}.Release|Any CPU.Build.0 = Release|Any CPU
		{E8BBA21D-924C-4C03-9BCC-D6C8CD402906}.Debug|Any CPU.ActiveCfg = Debug|Any CPU
		{E8BBA21D-924C-4C03-9BCC-D6C8CD402906}.Debug|Any CPU.Build.0 = Debug|Any CPU
		{E8BBA21D-924C-4C03-9BCC-D6C8CD402906}.Release|Any CPU.ActiveCfg = Release|Any CPU
		{E8BBA21D-924C-4C03-9BCC-D6C8CD402906}.Release|Any CPU.Build.0 = Release|Any CPU
		{65652330-A141-4600-B2D0-6812C9DF61BB}.Debug|Any CPU.ActiveCfg = Debug|Any CPU
		{65652330-A141-4600-B2D0-6812C9DF61BB}.Debug|Any CPU.Build.0 = Debug|Any CPU
		{65652330-A141-4600-B2D0-6812C9DF61BB}.Release|Any CPU.ActiveCfg = Release|Any CPU
		{65652330-A141-4600-B2D0-6812C9DF61BB}.Release|Any CPU.Build.0 = Release|Any CPU
		{EEDF301F-0806-416A-8EC0-26EB8D5DA258}.Debug|Any CPU.ActiveCfg = Debug|Any CPU
		{EEDF301F-0806-416A-8EC0-26EB8D5DA258}.Debug|Any CPU.Build.0 = Debug|Any CPU
		{EEDF301F-0806-416A-8EC0-26EB8D5DA258}.Release|Any CPU.ActiveCfg = Release|Any CPU
		{EEDF301F-0806-416A-8EC0-26EB8D5DA258}.Release|Any CPU.Build.0 = Release|Any CPU
	EndGlobalSection
	GlobalSection(SolutionProperties) = preSolution
		HideSolutionNode = FALSE
	EndGlobalSection
	GlobalSection(ExtensibilityGlobals) = postSolution
		SolutionGuid = {ACD04F8A-CECF-40BF-A06E-71D847F09146}
	EndGlobalSection
EndGlobal
